
Microsoft Visual Studio Solution File, Format Version 12.00
# Visual Studio Version 16
VisualStudioVersion = 16.0.33801.447
MinimumVisualStudioVersion = 10.0.40219.1
Project("{FAE04EC0-301F-11D3-BF4B-00C04F79EFBC}") = "LAB_1", "LAB_1\LAB_1.csproj", "{2EB0C251-621F-448F-AC5F-7C9DF2F1757C}"
EndProject
Global
	GlobalSection(SolutionConfigurationPlatforms) = preSolution
		Debug|Any CPU = Debug|Any CPU
		Release|Any CPU = Release|Any CPU
	EndGlobalSection
	GlobalSection(ProjectConfigurationPlatforms) = postSolution
		{2EB0C251-621F-448F-AC5F-7C9DF2F1757C}.Debug|Any CPU.ActiveCfg = Debug|Any CPU
		{2EB0C251-621F-448F-AC5F-7C9DF2F1757C}.Debug|Any CPU.Build.0 = Debug|Any CPU
		{2EB0C251-621F-448F-AC5F-7C9DF2F1757C}.Release|Any CPU.ActiveCfg = Release|Any CPU
		{2EB0C251-621F-448F-AC5F-7C9DF2F1757C}.Release|Any CPU.Build.0 = Release|Any CPU
	EndGlobalSection
	GlobalSection(SolutionProperties) = preSolution
		HideSolutionNode = FALSE
	EndGlobalSection
	GlobalSection(ExtensibilityGlobals) = postSolution
		SolutionGuid = {C15AB0FD-23A9-4D9C-ADD2-390975F504F7}
	EndGlobalSection
EndGlobal
